
Microsoft Visual Studio Solution File, Format Version 12.00
# Visual Studio Version 16
VisualStudioVersion = 16.0.30517.126
MinimumVisualStudioVersion = 10.0.40219.1
Project("{9A19103F-16F7-4668-BE54-9A1E7A4F7556}") = "Net01IoTSender", "Net01IoTSender\Net01IoTSender.csproj", "{135BE6FB-9065-4047-9782-C2969994C249}"
EndProject
Project("{FAE04EC0-301F-11D3-BF4B-00C04F79EFBC}") = "NetQueryTwinsAndJobs", "NetQueryTwinsAndJobs\NetQueryTwinsAndJobs.csproj", "{BF6C36DF-C6CC-42F8-BDB4-ABB480DB0326}"
EndProject
Global
	GlobalSection(SolutionConfigurationPlatforms) = preSolution
		Debug|Any CPU = Debug|Any CPU
		Release|Any CPU = Release|Any CPU
	EndGlobalSection
	GlobalSection(ProjectConfigurationPlatforms) = postSolution
		{135BE6FB-9065-4047-9782-C2969994C249}.Debug|Any CPU.ActiveCfg = Debug|Any CPU
		{135BE6FB-9065-4047-9782-C2969994C249}.Debug|Any CPU.Build.0 = Debug|Any CPU
		{135BE6FB-9065-4047-9782-C2969994C249}.Release|Any CPU.ActiveCfg = Release|Any CPU
		{135BE6FB-9065-4047-9782-C2969994C249}.Release|Any CPU.Build.0 = Release|Any CPU
		{BF6C36DF-C6CC-42F8-BDB4-ABB480DB0326}.Debug|Any CPU.ActiveCfg = Debug|Any CPU
		{BF6C36DF-C6CC-42F8-BDB4-ABB480DB0326}.Debug|Any CPU.Build.0 = Debug|Any CPU
		{BF6C36DF-C6CC-42F8-BDB4-ABB480DB0326}.Release|Any CPU.ActiveCfg = Release|Any CPU
		{BF6C36DF-C6CC-42F8-BDB4-ABB480DB0326}.Release|Any CPU.Build.0 = Release|Any CPU
	EndGlobalSection
	GlobalSection(SolutionProperties) = preSolution
		HideSolutionNode = FALSE
	EndGlobalSection
	GlobalSection(ExtensibilityGlobals) = postSolution
		SolutionGuid = {A4193788-94F7-46E1-94DA-311DBC67BA2F}
	EndGlobalSection
EndGlobal
